
Microsoft Visual Studio Solution File, Format Version 12.00
# Visual Studio Version 17
VisualStudioVersion = 17.14.36109.1 d17.14
MinimumVisualStudioVersion = 10.0.40219.1
Project("{2150E333-8FDC-42A3-9474-1A3956D46DE8}") = "src", "src", "{02EA681E-C7D8-13C7-8484-4AC65E1B71E8}"
EndProject
Project("{2150E333-8FDC-42A3-9474-1A3956D46DE8}") = "API", "API", "{A445294B-3E38-45BE-9968-6EA5668294F7}"
EndProject
Project("{2150E333-8FDC-42A3-9474-1A3956D46DE8}") = "Core", "Core", "{5EA574F0-DFFE-482D-9FE6-CD410D286637}"
EndProject
Project("{2150E333-8FDC-42A3-9474-1A3956D46DE8}") = "Infrastructure", "Infrastructure", "{5159D4EB-4531-4FB6-BCB6-C5DB89503270}"
EndProject
Project("{2150E333-8FDC-42A3-9474-1A3956D46DE8}") = "UI", "UI", "{A600C5AF-04B5-4FA2-BA9C-A9B646480855}"
EndProject
Project("{2150E333-8FDC-42A3-9474-1A3956D46DE8}") = "Shared", "Shared", "{D00C5D34-1959-4A1B-BDA6-42B22B5F0333}"
EndProject
Project("{FAE04EC0-301F-11D3-BF4B-00C04F79EFBC}") = "ISM.SharedKernel", "src\Shared\ISM.SharedKernel\ISM.SharedKernel.csproj", "{C17FA9F2-D520-46B8-80A1-AE6900B84127}"
EndProject
Project("{FAE04EC0-301F-11D3-BF4B-00C04F79EFBC}") = "ISM.Domain", "src\Core\ISM.Domain\ISM.Domain.csproj", "{4D192825-A7D7-4EAE-93CD-80D9352E5706}"
EndProject
Project("{FAE04EC0-301F-11D3-BF4B-00C04F79EFBC}") = "ISM.Application", "src\Core\ISM.Application\ISM.Application.csproj", "{AE4C8F9D-7C9D-4E07-99A1-2B9C8EE0CEC7}"
EndProject
Project("{FAE04EC0-301F-11D3-BF4B-00C04F79EFBC}") = "ISM.Infrastructure.Persistence", "src\Infrastructure\ISM.Infrastructure.Persistence\ISM.Infrastructure.Persistence.csproj", "{D1194C8B-B9BB-4D2E-9BF0-903C6C8D3FD0}"
EndProject
Project("{FAE04EC0-301F-11D3-BF4B-00C04F79EFBC}") = "ISM.Infrastructure.Identity", "src\Infrastructure\ISM.Infrastructure.Identity\ISM.Infrastructure.Identity.csproj", "{5113648C-09F7-4130-807E-7C1215EEF481}"
EndProject
Project("{FAE04EC0-301F-11D3-BF4B-00C04F79EFBC}") = "ISM.Infrastructure.Shared", "src\Infrastructure\ISM.Infrastructure.Shared\ISM.Infrastructure.Shared.csproj", "{D741DDFA-2261-414A-B8C9-38A6870D0715}"
EndProject
Project("{FAE04EC0-301F-11D3-BF4B-00C04F79EFBC}") = "ISM.WebFramework", "src\API\ISM.WebFramework\ISM.WebFramework.csproj", "{3FB2A575-615F-4509-896F-9D2E97E06C80}"
EndProject
Project("{FAE04EC0-301F-11D3-BF4B-00C04F79EFBC}") = "ISM.WebApi", "src\API\ISM.WebApi\ISM.WebApi.csproj", "{438423FB-83D1-4A19-ADB5-0B3C628DD238}"
EndProject
Project("{FAE04EC0-301F-11D3-BF4B-00C04F79EFBC}") = "ISM.WebApp", "src\UI\ISM.WebApp\ISM.WebApp.csproj", "{9DDA932A-F01C-4EDB-B0D5-07B6384835EB}"
EndProject
Global
	GlobalSection(SolutionConfigurationPlatforms) = preSolution
		Debug|Any CPU = Debug|Any CPU
		Release|Any CPU = Release|Any CPU
	EndGlobalSection
	GlobalSection(ProjectConfigurationPlatforms) = postSolution
		{C17FA9F2-D520-46B8-80A1-AE6900B84127}.Debug|Any CPU.ActiveCfg = Debug|Any CPU
		{C17FA9F2-D520-46B8-80A1-AE6900B84127}.Debug|Any CPU.Build.0 = Debug|Any CPU
		{C17FA9F2-D520-46B8-80A1-AE6900B84127}.Release|Any CPU.ActiveCfg = Release|Any CPU
		{C17FA9F2-D520-46B8-80A1-AE6900B84127}.Release|Any CPU.Build.0 = Release|Any CPU
		{4D192825-A7D7-4EAE-93CD-80D9352E5706}.Debug|Any CPU.ActiveCfg = Debug|Any CPU
		{4D192825-A7D7-4EAE-93CD-80D9352E5706}.Debug|Any CPU.Build.0 = Debug|Any CPU
		{4D192825-A7D7-4EAE-93CD-80D9352E5706}.Release|Any CPU.ActiveCfg = Release|Any CPU
		{4D192825-A7D7-4EAE-93CD-80D9352E5706}.Release|Any CPU.Build.0 = Release|Any CPU
		{AE4C8F9D-7C9D-4E07-99A1-2B9C8EE0CEC7}.Debug|Any CPU.ActiveCfg = Debug|Any CPU
		{AE4C8F9D-7C9D-4E07-99A1-2B9C8EE0CEC7}.Debug|Any CPU.Build.0 = Debug|Any CPU
		{AE4C8F9D-7C9D-4E07-99A1-2B9C8EE0CEC7}.Release|Any CPU.ActiveCfg = Release|Any CPU
		{AE4C8F9D-7C9D-4E07-99A1-2B9C8EE0CEC7}.Release|Any CPU.Build.0 = Release|Any CPU
		{D1194C8B-B9BB-4D2E-9BF0-903C6C8D3FD0}.Debug|Any CPU.ActiveCfg = Debug|Any CPU
		{D1194C8B-B9BB-4D2E-9BF0-903C6C8D3FD0}.Debug|Any CPU.Build.0 = Debug|Any CPU
		{D1194C8B-B9BB-4D2E-9BF0-903C6C8D3FD0}.Release|Any CPU.ActiveCfg = Release|Any CPU
		{D1194C8B-B9BB-4D2E-9BF0-903C6C8D3FD0}.Release|Any CPU.Build.0 = Release|Any CPU
		{5113648C-09F7-4130-807E-7C1215EEF481}.Debug|Any CPU.ActiveCfg = Debug|Any CPU
		{5113648C-09F7-4130-807E-7C1215EEF481}.Debug|Any CPU.Build.0 = Debug|Any CPU
		{5113648C-09F7-4130-807E-7C1215EEF481}.Release|Any CPU.ActiveCfg = Release|Any CPU
		{5113648C-09F7-4130-807E-7C1215EEF481}.Release|Any CPU.Build.0 = Release|Any CPU
		{D741DDFA-2261-414A-B8C9-38A6870D0715}.Debug|Any CPU.ActiveCfg = Debug|Any CPU
		{D741DDFA-2261-414A-B8C9-38A6870D0715}.Debug|Any CPU.Build.0 = Debug|Any CPU
		{D741DDFA-2261-414A-B8C9-38A6870D0715}.Release|Any CPU.ActiveCfg = Release|Any CPU
		{D741DDFA-2261-414A-B8C9-38A6870D0715}.Release|Any CPU.Build.0 = Release|Any CPU
		{3FB2A575-615F-4509-896F-9D2E97E06C80}.Debug|Any CPU.ActiveCfg = Debug|Any CPU
		{3FB2A575-615F-4509-896F-9D2E97E06C80}.Debug|Any CPU.Build.0 = Debug|Any CPU
		{3FB2A575-615F-4509-896F-9D2E97E06C80}.Release|Any CPU.ActiveCfg = Release|Any CPU
		{3FB2A575-615F-4509-896F-9D2E97E06C80}.Release|Any CPU.Build.0 = Release|Any CPU
		{438423FB-83D1-4A19-ADB5-0B3C628DD238}.Debug|Any CPU.ActiveCfg = Debug|Any CPU
		{438423FB-83D1-4A19-ADB5-0B3C628DD238}.Debug|Any CPU.Build.0 = Debug|Any CPU
		{438423FB-83D1-4A19-ADB5-0B3C628DD238}.Release|Any CPU.ActiveCfg = Release|Any CPU
		{438423FB-83D1-4A19-ADB5-0B3C628DD238}.Release|Any CPU.Build.0 = Release|Any CPU
		{9DDA932A-F01C-4EDB-B0D5-07B6384835EB}.Debug|Any CPU.ActiveCfg = Debug|Any CPU
		{9DDA932A-F01C-4EDB-B0D5-07B6384835EB}.Debug|Any CPU.Build.0 = Debug|Any CPU
		{9DDA932A-F01C-4EDB-B0D5-07B6384835EB}.Release|Any CPU.ActiveCfg = Release|Any CPU
		{9DDA932A-F01C-4EDB-B0D5-07B6384835EB}.Release|Any CPU.Build.0 = Release|Any CPU
	EndGlobalSection
	GlobalSection(SolutionProperties) = preSolution
		HideSolutionNode = FALSE
	EndGlobalSection
	GlobalSection(NestedProjects) = preSolution
		{A445294B-3E38-45BE-9968-6EA5668294F7} = {02EA681E-C7D8-13C7-8484-4AC65E1B71E8}
		{5EA574F0-DFFE-482D-9FE6-CD410D286637} = {02EA681E-C7D8-13C7-8484-4AC65E1B71E8}
		{5159D4EB-4531-4FB6-BCB6-C5DB89503270} = {02EA681E-C7D8-13C7-8484-4AC65E1B71E8}
		{A600C5AF-04B5-4FA2-BA9C-A9B646480855} = {02EA681E-C7D8-13C7-8484-4AC65E1B71E8}
		{D00C5D34-1959-4A1B-BDA6-42B22B5F0333} = {02EA681E-C7D8-13C7-8484-4AC65E1B71E8}
		{C17FA9F2-D520-46B8-80A1-AE6900B84127} = {D00C5D34-1959-4A1B-BDA6-42B22B5F0333}
		{4D192825-A7D7-4EAE-93CD-80D9352E5706} = {5EA574F0-DFFE-482D-9FE6-CD410D286637}
		{AE4C8F9D-7C9D-4E07-99A1-2B9C8EE0CEC7} = {5EA574F0-DFFE-482D-9FE6-CD410D286637}
		{D1194C8B-B9BB-4D2E-9BF0-903C6C8D3FD0} = {5159D4EB-4531-4FB6-BCB6-C5DB89503270}
		{5113648C-09F7-4130-807E-7C1215EEF481} = {5159D4EB-4531-4FB6-BCB6-C5DB89503270}
		{D741DDFA-2261-414A-B8C9-38A6870D0715} = {5159D4EB-4531-4FB6-BCB6-C5DB89503270}
		{3FB2A575-615F-4509-896F-9D2E97E06C80} = {A445294B-3E38-45BE-9968-6EA5668294F7}
		{438423FB-83D1-4A19-ADB5-0B3C628DD238} = {A445294B-3E38-45BE-9968-6EA5668294F7}
		{9DDA932A-F01C-4EDB-B0D5-07B6384835EB} = {A600C5AF-04B5-4FA2-BA9C-A9B646480855}
	EndGlobalSection
	GlobalSection(ExtensibilityGlobals) = postSolution
		SolutionGuid = {87F36C57-5661-406E-B7C6-91AED7D06925}
	EndGlobalSection
EndGlobal
